// !$*UTF8*$!
{
	archiveVersion = 1;
	classes = {
	};
	objectVersion = 50;
	objects = {

/* Begin PBXBuildFile section */
		75F105EDFC07F8001460C3BC /* Pods_WBCCoreSDK.framework in Frameworks */ = {isa = PBXBuildFile; fileRef = B7D044668F2B44B7CF9E67F5 /* Pods_WBCCoreSDK.framework */; };
		781185882255E70A00AD785F /* CitiesResource.swift in Sources */ = {isa = PBXBuildFile; fileRef = 781185872255E70A00AD785F /* CitiesResource.swift */; };
		7811858A2255E80800AD785F /* CitiesData.swift in Sources */ = {isa = PBXBuildFile; fileRef = 781185892255E80800AD785F /* CitiesData.swift */; };
		7811858C2255FB5F00AD785F /* CountryResource.swift in Sources */ = {isa = PBXBuildFile; fileRef = 7811858B2255FB5F00AD785F /* CountryResource.swift */; };
		7811858E2255FCAB00AD785F /* CountryData.swift in Sources */ = {isa = PBXBuildFile; fileRef = 7811858D2255FCAB00AD785F /* CountryData.swift */; };
		781185942256021900AD785F /* SystemUserEndPoints.swift in Sources */ = {isa = PBXBuildFile; fileRef = 781185932256021900AD785F /* SystemUserEndPoints.swift */; };
		781185962256026A00AD785F /* ActiveOperatorsEndPoints.swift in Sources */ = {isa = PBXBuildFile; fileRef = 781185952256026A00AD785F /* ActiveOperatorsEndPoints.swift */; };
		78118598225602CB00AD785F /* ActiveOperatorsAdminEndPoints.swift in Sources */ = {isa = PBXBuildFile; fileRef = 78118597225602CB00AD785F /* ActiveOperatorsAdminEndPoints.swift */; };
		7811859A225603A200AD785F /* ActivityLogEndPoints.swift in Sources */ = {isa = PBXBuildFile; fileRef = 78118599225603A200AD785F /* ActivityLogEndPoints.swift */; };
		7811859C2256375E00AD785F /* SystemUserResource.swift in Sources */ = {isa = PBXBuildFile; fileRef = 7811859B2256375E00AD785F /* SystemUserResource.swift */; };
		7811859E2256377300AD785F /* SystemUserData.swift in Sources */ = {isa = PBXBuildFile; fileRef = 7811859D2256377300AD785F /* SystemUserData.swift */; };
		781185A022563E2700AD785F /* OperatorResource.swift in Sources */ = {isa = PBXBuildFile; fileRef = 7811859F22563E2700AD785F /* OperatorResource.swift */; };
		781185A222563E3300AD785F /* OperatorData.swift in Sources */ = {isa = PBXBuildFile; fileRef = 781185A122563E3300AD785F /* OperatorData.swift */; };
		781185A42256437C00AD785F /* OperatorAdmin.swift in Sources */ = {isa = PBXBuildFile; fileRef = 781185A32256437C00AD785F /* OperatorAdmin.swift */; };
		781185A62256439400AD785F /* OperatorAdminData.swift in Sources */ = {isa = PBXBuildFile; fileRef = 781185A52256439400AD785F /* OperatorAdminData.swift */; };
		78480D22225C7B1700310165 /* WBCCoreSDK.podspec in Resources */ = {isa = PBXBuildFile; fileRef = 78480D21225C7B1700310165 /* WBCCoreSDK.podspec */; };
		78659C372251E47900F7EA42 /* UserEndPoints.swift in Sources */ = {isa = PBXBuildFile; fileRef = 78659C362251E47900F7EA42 /* UserEndPoints.swift */; };
		78659C392251E4A100F7EA42 /* Network.swift in Sources */ = {isa = PBXBuildFile; fileRef = 78659C382251E4A100F7EA42 /* Network.swift */; };
		78659C3F22522E6F00F7EA42 /* Endpoint.swift in Sources */ = {isa = PBXBuildFile; fileRef = 78659C3E22522E6F00F7EA42 /* Endpoint.swift */; };
		78659C5122523B2000F7EA42 /* Enums.swift in Sources */ = {isa = PBXBuildFile; fileRef = 78659C5022523B2000F7EA42 /* Enums.swift */; };
		78659C53225240A000F7EA42 /* CityEndPoints.swift in Sources */ = {isa = PBXBuildFile; fileRef = 78659C52225240A000F7EA42 /* CityEndPoints.swift */; };
		78659C55225240DE00F7EA42 /* CountryEndPoints.swift in Sources */ = {isa = PBXBuildFile; fileRef = 78659C54225240DE00F7EA42 /* CountryEndPoints.swift */; };
		78659C5B225347D600F7EA42 /* BaseResponse.swift in Sources */ = {isa = PBXBuildFile; fileRef = 78659C5A225347D600F7EA42 /* BaseResponse.swift */; };
		78659C5D22534C7600F7EA42 /* NetworkError.swift in Sources */ = {isa = PBXBuildFile; fileRef = 78659C5C22534C7600F7EA42 /* NetworkError.swift */; };
		78659C5F225398DC00F7EA42 /* LoginResource.swift in Sources */ = {isa = PBXBuildFile; fileRef = 78659C5E225398DC00F7EA42 /* LoginResource.swift */; };
		78F83E96224A2F65000877E0 /* WBCCoreSDK.h in Headers */ = {isa = PBXBuildFile; fileRef = 78F83E88224A2F64000877E0 /* WBCCoreSDK.h */; settings = {ATTRIBUTES = (Public, ); }; };
/* End PBXBuildFile section */

/* Begin PBXFileReference section */
		0B2398B400BF6D5E729C7822 /* Pods_WBCCoreSDKTests.framework */ = {isa = PBXFileReference; explicitFileType = wrapper.framework; includeInIndex = 0; path = Pods_WBCCoreSDKTests.framework; sourceTree = BUILT_PRODUCTS_DIR; };
		118FBF68DB99043A2C68655A /* Pods-WBCCoreSDK.release.xcconfig */ = {isa = PBXFileReference; includeInIndex = 1; lastKnownFileType = text.xcconfig; name = "Pods-WBCCoreSDK.release.xcconfig"; path = "Target Support Files/Pods-WBCCoreSDK/Pods-WBCCoreSDK.release.xcconfig"; sourceTree = "<group>"; };
		5BBCA5903EE4594603D2F7DB /* Pods_WBCCoreSDK_Tests.framework */ = {isa = PBXFileReference; explicitFileType = wrapper.framework; includeInIndex = 0; path = Pods_WBCCoreSDK_Tests.framework; sourceTree = BUILT_PRODUCTS_DIR; };
		781185872255E70A00AD785F /* CitiesResource.swift */ = {isa = PBXFileReference; lastKnownFileType = sourcecode.swift; path = CitiesResource.swift; sourceTree = "<group>"; };
		781185892255E80800AD785F /* CitiesData.swift */ = {isa = PBXFileReference; lastKnownFileType = sourcecode.swift; path = CitiesData.swift; sourceTree = "<group>"; };
		7811858B2255FB5F00AD785F /* CountryResource.swift */ = {isa = PBXFileReference; lastKnownFileType = sourcecode.swift; path = CountryResource.swift; sourceTree = "<group>"; };
		7811858D2255FCAB00AD785F /* CountryData.swift */ = {isa = PBXFileReference; lastKnownFileType = sourcecode.swift; path = CountryData.swift; sourceTree = "<group>"; };
		781185932256021900AD785F /* SystemUserEndPoints.swift */ = {isa = PBXFileReference; lastKnownFileType = sourcecode.swift; path = SystemUserEndPoints.swift; sourceTree = "<group>"; };
		781185952256026A00AD785F /* ActiveOperatorsEndPoints.swift */ = {isa = PBXFileReference; lastKnownFileType = sourcecode.swift; path = ActiveOperatorsEndPoints.swift; sourceTree = "<group>"; };
		78118597225602CB00AD785F /* ActiveOperatorsAdminEndPoints.swift */ = {isa = PBXFileReference; lastKnownFileType = sourcecode.swift; path = ActiveOperatorsAdminEndPoints.swift; sourceTree = "<group>"; };
		78118599225603A200AD785F /* ActivityLogEndPoints.swift */ = {isa = PBXFileReference; lastKnownFileType = sourcecode.swift; path = ActivityLogEndPoints.swift; sourceTree = "<group>"; };
		7811859B2256375E00AD785F /* SystemUserResource.swift */ = {isa = PBXFileReference; lastKnownFileType = sourcecode.swift; path = SystemUserResource.swift; sourceTree = "<group>"; };
		7811859D2256377300AD785F /* SystemUserData.swift */ = {isa = PBXFileReference; lastKnownFileType = sourcecode.swift; path = SystemUserData.swift; sourceTree = "<group>"; };
		7811859F22563E2700AD785F /* OperatorResource.swift */ = {isa = PBXFileReference; lastKnownFileType = sourcecode.swift; path = OperatorResource.swift; sourceTree = "<group>"; };
		781185A122563E3300AD785F /* OperatorData.swift */ = {isa = PBXFileReference; lastKnownFileType = sourcecode.swift; path = OperatorData.swift; sourceTree = "<group>"; };
		781185A32256437C00AD785F /* OperatorAdmin.swift */ = {isa = PBXFileReference; lastKnownFileType = sourcecode.swift; path = OperatorAdmin.swift; sourceTree = "<group>"; };
		781185A52256439400AD785F /* OperatorAdminData.swift */ = {isa = PBXFileReference; lastKnownFileType = sourcecode.swift; path = OperatorAdminData.swift; sourceTree = "<group>"; };
		78480D21225C7B1700310165 /* WBCCoreSDK.podspec */ = {isa = PBXFileReference; fileEncoding = 4; lastKnownFileType = text; name = WBCCoreSDK.podspec; path = ../WBCCoreSDK.podspec; sourceTree = "<group>"; };
		78659C362251E47900F7EA42 /* UserEndPoints.swift */ = {isa = PBXFileReference; lastKnownFileType = sourcecode.swift; path = UserEndPoints.swift; sourceTree = "<group>"; };
		78659C382251E4A100F7EA42 /* Network.swift */ = {isa = PBXFileReference; lastKnownFileType = sourcecode.swift; path = Network.swift; sourceTree = "<group>"; };
		78659C3E22522E6F00F7EA42 /* Endpoint.swift */ = {isa = PBXFileReference; lastKnownFileType = sourcecode.swift; path = Endpoint.swift; sourceTree = "<group>"; };
		78659C5022523B2000F7EA42 /* Enums.swift */ = {isa = PBXFileReference; lastKnownFileType = sourcecode.swift; path = Enums.swift; sourceTree = "<group>"; };
		78659C52225240A000F7EA42 /* CityEndPoints.swift */ = {isa = PBXFileReference; lastKnownFileType = sourcecode.swift; path = CityEndPoints.swift; sourceTree = "<group>"; };
		78659C54225240DE00F7EA42 /* CountryEndPoints.swift */ = {isa = PBXFileReference; lastKnownFileType = sourcecode.swift; path = CountryEndPoints.swift; sourceTree = "<group>"; };
		78659C5A225347D600F7EA42 /* BaseResponse.swift */ = {isa = PBXFileReference; lastKnownFileType = sourcecode.swift; path = BaseResponse.swift; sourceTree = "<group>"; };
		78659C5C22534C7600F7EA42 /* NetworkError.swift */ = {isa = PBXFileReference; lastKnownFileType = sourcecode.swift; path = NetworkError.swift; sourceTree = "<group>"; };
		78659C5E225398DC00F7EA42 /* LoginResource.swift */ = {isa = PBXFileReference; lastKnownFileType = sourcecode.swift; path = LoginResource.swift; sourceTree = "<group>"; };
		78F83E85224A2F64000877E0 /* WBCCoreSDK.framework */ = {isa = PBXFileReference; explicitFileType = wrapper.framework; includeInIndex = 0; path = WBCCoreSDK.framework; sourceTree = BUILT_PRODUCTS_DIR; };
		78F83E88224A2F64000877E0 /* WBCCoreSDK.h */ = {isa = PBXFileReference; lastKnownFileType = sourcecode.c.h; path = WBCCoreSDK.h; sourceTree = "<group>"; };
		78F83E89224A2F64000877E0 /* Info.plist */ = {isa = PBXFileReference; lastKnownFileType = text.plist.xml; path = Info.plist; sourceTree = "<group>"; };
		90784B83A6A8606AE78A4C52 /* Pods-WBCCoreSDKTests.debug.xcconfig */ = {isa = PBXFileReference; includeInIndex = 1; lastKnownFileType = text.xcconfig; name = "Pods-WBCCoreSDKTests.debug.xcconfig"; path = "Target Support Files/Pods-WBCCoreSDKTests/Pods-WBCCoreSDKTests.debug.xcconfig"; sourceTree = "<group>"; };
		9D13FFEBA8EB9B0B67CE6324 /* Pods-WBCCoreSDK_Tests.debug.xcconfig */ = {isa = PBXFileReference; includeInIndex = 1; lastKnownFileType = text.xcconfig; name = "Pods-WBCCoreSDK_Tests.debug.xcconfig"; path = "Target Support Files/Pods-WBCCoreSDK_Tests/Pods-WBCCoreSDK_Tests.debug.xcconfig"; sourceTree = "<group>"; };
		A19E5B8394C836753E6C8420 /* Pods-WBCCoreSDKTests.release.xcconfig */ = {isa = PBXFileReference; includeInIndex = 1; lastKnownFileType = text.xcconfig; name = "Pods-WBCCoreSDKTests.release.xcconfig"; path = "Target Support Files/Pods-WBCCoreSDKTests/Pods-WBCCoreSDKTests.release.xcconfig"; sourceTree = "<group>"; };
		B7D044668F2B44B7CF9E67F5 /* Pods_WBCCoreSDK.framework */ = {isa = PBXFileReference; explicitFileType = wrapper.framework; includeInIndex = 0; path = Pods_WBCCoreSDK.framework; sourceTree = BUILT_PRODUCTS_DIR; };
		F46F01F3B98B9D4B2D6017AE /* Pods-WBCCoreSDK.debug.xcconfig */ = {isa = PBXFileReference; includeInIndex = 1; lastKnownFileType = text.xcconfig; name = "Pods-WBCCoreSDK.debug.xcconfig"; path = "Target Support Files/Pods-WBCCoreSDK/Pods-WBCCoreSDK.debug.xcconfig"; sourceTree = "<group>"; };
		FB7386A188FCACE51C8257F8 /* Pods-WBCCoreSDK_Tests.release.xcconfig */ = {isa = PBXFileReference; includeInIndex = 1; lastKnownFileType = text.xcconfig; name = "Pods-WBCCoreSDK_Tests.release.xcconfig"; path = "Target Support Files/Pods-WBCCoreSDK_Tests/Pods-WBCCoreSDK_Tests.release.xcconfig"; sourceTree = "<group>"; };
/* End PBXFileReference section */

/* Begin PBXFrameworksBuildPhase section */
		78F83E82224A2F64000877E0 /* Frameworks */ = {
			isa = PBXFrameworksBuildPhase;
			buildActionMask = 2147483647;
			files = (
				75F105EDFC07F8001460C3BC /* Pods_WBCCoreSDK.framework in Frameworks */,
			);
			runOnlyForDeploymentPostprocessing = 0;
		};
/* End PBXFrameworksBuildPhase section */

/* Begin PBXGroup section */
		20D3968139A558B57B43511E /* Pods */ = {
			isa = PBXGroup;
			children = (
				F46F01F3B98B9D4B2D6017AE /* Pods-WBCCoreSDK.debug.xcconfig */,
				118FBF68DB99043A2C68655A /* Pods-WBCCoreSDK.release.xcconfig */,
				90784B83A6A8606AE78A4C52 /* Pods-WBCCoreSDKTests.debug.xcconfig */,
				A19E5B8394C836753E6C8420 /* Pods-WBCCoreSDKTests.release.xcconfig */,
				9D13FFEBA8EB9B0B67CE6324 /* Pods-WBCCoreSDK_Tests.debug.xcconfig */,
				FB7386A188FCACE51C8257F8 /* Pods-WBCCoreSDK_Tests.release.xcconfig */,
			);
			path = Pods;
			sourceTree = "<group>";
		};
		78659C3A22520B2600F7EA42 /* EndPoints */ = {
			isa = PBXGroup;
			children = (
				78659C3E22522E6F00F7EA42 /* Endpoint.swift */,
				78659C362251E47900F7EA42 /* UserEndPoints.swift */,
				78659C52225240A000F7EA42 /* CityEndPoints.swift */,
				78659C54225240DE00F7EA42 /* CountryEndPoints.swift */,
				781185932256021900AD785F /* SystemUserEndPoints.swift */,
				781185952256026A00AD785F /* ActiveOperatorsEndPoints.swift */,
				78118597225602CB00AD785F /* ActiveOperatorsAdminEndPoints.swift */,
				78118599225603A200AD785F /* ActivityLogEndPoints.swift */,
			);
			path = EndPoints;
			sourceTree = "<group>";
		};
		78659C3C22520B5200F7EA42 /* Network */ = {
			isa = PBXGroup;
			children = (
				78659C59225347C700F7EA42 /* Base Response */,
				78659C562253438D00F7EA42 /* NetworkError */,
				78659C3D22522E5900F7EA42 /* Network */,
				78659C3A22520B2600F7EA42 /* EndPoints */,
			);
			path = Network;
			sourceTree = "<group>";
		};
		78659C3D22522E5900F7EA42 /* Network */ = {
			isa = PBXGroup;
			children = (
				78659C382251E4A100F7EA42 /* Network.swift */,
				78659C5022523B2000F7EA42 /* Enums.swift */,
			);
			path = Network;
			sourceTree = "<group>";
		};
		78659C562253438D00F7EA42 /* NetworkError */ = {
			isa = PBXGroup;
			children = (
				78659C5C22534C7600F7EA42 /* NetworkError.swift */,
			);
			path = NetworkError;
			sourceTree = "<group>";
		};
		78659C59225347C700F7EA42 /* Base Response */ = {
			isa = PBXGroup;
			children = (
				78659C5A225347D600F7EA42 /* BaseResponse.swift */,
				78659C5E225398DC00F7EA42 /* LoginResource.swift */,
				781185872255E70A00AD785F /* CitiesResource.swift */,
				781185892255E80800AD785F /* CitiesData.swift */,
				7811858B2255FB5F00AD785F /* CountryResource.swift */,
				7811858D2255FCAB00AD785F /* CountryData.swift */,
				7811859B2256375E00AD785F /* SystemUserResource.swift */,
				7811859D2256377300AD785F /* SystemUserData.swift */,
				7811859F22563E2700AD785F /* OperatorResource.swift */,
				781185A122563E3300AD785F /* OperatorData.swift */,
				781185A32256437C00AD785F /* OperatorAdmin.swift */,
				781185A52256439400AD785F /* OperatorAdminData.swift */,
			);
			path = "Base Response";
			sourceTree = "<group>";
		};
		78F83E7B224A2F64000877E0 = {
			isa = PBXGroup;
			children = (
				78480D21225C7B1700310165 /* WBCCoreSDK.podspec */,
				78F83E87224A2F64000877E0 /* WBCCoreSDK */,
				78F83E86224A2F64000877E0 /* Products */,
				20D3968139A558B57B43511E /* Pods */,
				C420564A565CA227152F850D /* Frameworks */,
			);
			sourceTree = "<group>";
		};
		78F83E86224A2F64000877E0 /* Products */ = {
			isa = PBXGroup;
			children = (
				78F83E85224A2F64000877E0 /* WBCCoreSDK.framework */,
			);
			name = Products;
			sourceTree = "<group>";
		};
		78F83E87224A2F64000877E0 /* WBCCoreSDK */ = {
			isa = PBXGroup;
			children = (
				78F83E88224A2F64000877E0 /* WBCCoreSDK.h */,
				78F83E89224A2F64000877E0 /* Info.plist */,
				78659C3C22520B5200F7EA42 /* Network */,
			);
			path = WBCCoreSDK;
			sourceTree = "<group>";
		};
		C420564A565CA227152F850D /* Frameworks */ = {
			isa = PBXGroup;
			children = (
				B7D044668F2B44B7CF9E67F5 /* Pods_WBCCoreSDK.framework */,
				0B2398B400BF6D5E729C7822 /* Pods_WBCCoreSDKTests.framework */,
				5BBCA5903EE4594603D2F7DB /* Pods_WBCCoreSDK_Tests.framework */,
			);
			name = Frameworks;
			sourceTree = "<group>";
		};
/* End PBXGroup section */

/* Begin PBXHeadersBuildPhase section */
		78F83E80224A2F64000877E0 /* Headers */ = {
			isa = PBXHeadersBuildPhase;
			buildActionMask = 2147483647;
			files = (
				78F83E96224A2F65000877E0 /* WBCCoreSDK.h in Headers */,
			);
			runOnlyForDeploymentPostprocessing = 0;
		};
/* End PBXHeadersBuildPhase section */

/* Begin PBXNativeTarget section */
		78F83E84224A2F64000877E0 /* WBCCoreSDK */ = {
			isa = PBXNativeTarget;
			buildConfigurationList = 78F83E99224A2F65000877E0 /* Build configuration list for PBXNativeTarget "WBCCoreSDK" */;
			buildPhases = (
				9E22759D542D2757F27CA558 /* [CP] Check Pods Manifest.lock */,
				78F83E80224A2F64000877E0 /* Headers */,
				78F83E81224A2F64000877E0 /* Sources */,
				78F83E82224A2F64000877E0 /* Frameworks */,
				78F83E83224A2F64000877E0 /* Resources */,
			);
			buildRules = (
			);
			dependencies = (
			);
			name = WBCCoreSDK;
			productName = WBCCoreSDK;
			productReference = 78F83E85224A2F64000877E0 /* WBCCoreSDK.framework */;
			productType = "com.apple.product-type.framework";
		};
/* End PBXNativeTarget section */

/* Begin PBXProject section */
		78F83E7C224A2F64000877E0 /* Project object */ = {
			isa = PBXProject;
			attributes = {
				LastSwiftUpdateCheck = 1000;
				LastUpgradeCheck = 1000;
				ORGANIZATIONNAME = "Waves Provider";
				TargetAttributes = {
					78F83E84224A2F64000877E0 = {
						CreatedOnToolsVersion = 10.0;
						LastSwiftMigration = 1000;
					};
				};
			};
			buildConfigurationList = 78F83E7F224A2F64000877E0 /* Build configuration list for PBXProject "WBCCoreSDK" */;
			compatibilityVersion = "Xcode 9.3";
			developmentRegion = en;
			hasScannedForEncodings = 0;
			knownRegions = (
				en,
			);
			mainGroup = 78F83E7B224A2F64000877E0;
			productRefGroup = 78F83E86224A2F64000877E0 /* Products */;
			projectDirPath = "";
			projectRoot = "";
			targets = (
				78F83E84224A2F64000877E0 /* WBCCoreSDK */,
			);
		};
/* End PBXProject section */

/* Begin PBXResourcesBuildPhase section */
		78F83E83224A2F64000877E0 /* Resources */ = {
			isa = PBXResourcesBuildPhase;
			buildActionMask = 2147483647;
			files = (
				78480D22225C7B1700310165 /* WBCCoreSDK.podspec in Resources */,
			);
			runOnlyForDeploymentPostprocessing = 0;
		};
/* End PBXResourcesBuildPhase section */

/* Begin PBXShellScriptBuildPhase section */
		9E22759D542D2757F27CA558 /* [CP] Check Pods Manifest.lock */ = {
			isa = PBXShellScriptBuildPhase;
			buildActionMask = 2147483647;
			files = (
			);
			inputFileListPaths = (
			);
			inputPaths = (
				"${PODS_PODFILE_DIR_PATH}/Podfile.lock",
				"${PODS_ROOT}/Manifest.lock",
			);
			name = "[CP] Check Pods Manifest.lock";
			outputFileListPaths = (
			);
			outputPaths = (
				"$(DERIVED_FILE_DIR)/Pods-WBCCoreSDK-checkManifestLockResult.txt",
			);
			runOnlyForDeploymentPostprocessing = 0;
			shellPath = /bin/sh;
			shellScript = "diff \"${PODS_PODFILE_DIR_PATH}/Podfile.lock\" \"${PODS_ROOT}/Manifest.lock\" > /dev/null\nif [ $? != 0 ] ; then\n    # print error to STDERR\n    echo \"error: The sandbox is not in sync with the Podfile.lock. Run 'pod install' or update your CocoaPods installation.\" >&2\n    exit 1\nfi\n# This output is used by Xcode 'outputs' to avoid re-running this script phase.\necho \"SUCCESS\" > \"${SCRIPT_OUTPUT_FILE_0}\"\n";
			showEnvVarsInLog = 0;
		};
/* End PBXShellScriptBuildPhase section */

/* Begin PBXSourcesBuildPhase section */
		78F83E81224A2F64000877E0 /* Sources */ = {
			isa = PBXSourcesBuildPhase;
			buildActionMask = 2147483647;
			files = (
				78659C372251E47900F7EA42 /* UserEndPoints.swift in Sources */,
				7811858C2255FB5F00AD785F /* CountryResource.swift in Sources */,
				78659C3F22522E6F00F7EA42 /* Endpoint.swift in Sources */,
				781185A42256437C00AD785F /* OperatorAdmin.swift in Sources */,
				78659C53225240A000F7EA42 /* CityEndPoints.swift in Sources */,
				781185942256021900AD785F /* SystemUserEndPoints.swift in Sources */,
				781185A62256439400AD785F /* OperatorAdminData.swift in Sources */,
				781185A022563E2700AD785F /* OperatorResource.swift in Sources */,
				78659C5122523B2000F7EA42 /* Enums.swift in Sources */,
				7811859A225603A200AD785F /* ActivityLogEndPoints.swift in Sources */,
				78118598225602CB00AD785F /* ActiveOperatorsAdminEndPoints.swift in Sources */,
				78659C5D22534C7600F7EA42 /* NetworkError.swift in Sources */,
				7811858E2255FCAB00AD785F /* CountryData.swift in Sources */,
				7811859E2256377300AD785F /* SystemUserData.swift in Sources */,
				78659C5F225398DC00F7EA42 /* LoginResource.swift in Sources */,
				78659C392251E4A100F7EA42 /* Network.swift in Sources */,
				78659C55225240DE00F7EA42 /* CountryEndPoints.swift in Sources */,
				7811859C2256375E00AD785F /* SystemUserResource.swift in Sources */,
				781185882255E70A00AD785F /* CitiesResource.swift in Sources */,
				781185962256026A00AD785F /* ActiveOperatorsEndPoints.swift in Sources */,
				781185A222563E3300AD785F /* OperatorData.swift in Sources */,
				78659C5B225347D600F7EA42 /* BaseResponse.swift in Sources */,
				7811858A2255E80800AD785F /* CitiesData.swift in Sources */,
			);
			runOnlyForDeploymentPostprocessing = 0;
		};
/* End PBXSourcesBuildPhase section */

/* Begin XCBuildConfiguration section */
		78F83E97224A2F65000877E0 /* Debug */ = {
			isa = XCBuildConfiguration;
			buildSettings = {
				ALWAYS_SEARCH_USER_PATHS = NO;
				CLANG_ANALYZER_NONNULL = YES;
				CLANG_ANALYZER_NUMBER_OBJECT_CONVERSION = YES_AGGRESSIVE;
				CLANG_CXX_LANGUAGE_STANDARD = "gnu++14";
				CLANG_CXX_LIBRARY = "libc++";
				CLANG_ENABLE_MODULES = YES;
				CLANG_ENABLE_OBJC_ARC = YES;
				CLANG_ENABLE_OBJC_WEAK = YES;
				CLANG_WARN_BLOCK_CAPTURE_AUTORELEASING = YES;
				CLANG_WARN_BOOL_CONVERSION = YES;
				CLANG_WARN_COMMA = YES;
				CLANG_WARN_CONSTANT_CONVERSION = YES;
				CLANG_WARN_DEPRECATED_OBJC_IMPLEMENTATIONS = YES;
				CLANG_WARN_DIRECT_OBJC_ISA_USAGE = YES_ERROR;
				CLANG_WARN_DOCUMENTATION_COMMENTS = YES;
				CLANG_WARN_EMPTY_BODY = YES;
				CLANG_WARN_ENUM_CONVERSION = YES;
				CLANG_WARN_INFINITE_RECURSION = YES;
				CLANG_WARN_INT_CONVERSION = YES;
				CLANG_WARN_NON_LITERAL_NULL_CONVERSION = YES;
				CLANG_WARN_OBJC_IMPLICIT_RETAIN_SELF = YES;
				CLANG_WARN_OBJC_LITERAL_CONVERSION = YES;
				CLANG_WARN_OBJC_ROOT_CLASS = YES_ERROR;
				CLANG_WARN_RANGE_LOOP_ANALYSIS = YES;
				CLANG_WARN_STRICT_PROTOTYPES = YES;
				CLANG_WARN_SUSPICIOUS_MOVE = YES;
				CLANG_WARN_UNGUARDED_AVAILABILITY = YES_AGGRESSIVE;
				CLANG_WARN_UNREACHABLE_CODE = YES;
				CLANG_WARN__DUPLICATE_METHOD_MATCH = YES;
				CODE_SIGN_IDENTITY = "iPhone Developer";
				COPY_PHASE_STRIP = NO;
				CURRENT_PROJECT_VERSION = 1;
				DEBUG_INFORMATION_FORMAT = dwarf;
				ENABLE_STRICT_OBJC_MSGSEND = YES;
				ENABLE_TESTABILITY = YES;
				GCC_C_LANGUAGE_STANDARD = gnu11;
				GCC_DYNAMIC_NO_PIC = NO;
				GCC_NO_COMMON_BLOCKS = YES;
				GCC_OPTIMIZATION_LEVEL = 0;
				GCC_PREPROCESSOR_DEFINITIONS = (
					"DEBUG=1",
					"$(inherited)",
				);
				GCC_WARN_64_TO_32_BIT_CONVERSION = YES;
				GCC_WARN_ABOUT_RETURN_TYPE = YES_ERROR;
				GCC_WARN_UNDECLARED_SELECTOR = YES;
				GCC_WARN_UNINITIALIZED_AUTOS = YES_AGGRESSIVE;
				GCC_WARN_UNUSED_FUNCTION = YES;
				GCC_WARN_UNUSED_VARIABLE = YES;
				IPHONEOS_DEPLOYMENT_TARGET = 12.0;
				MTL_ENABLE_DEBUG_INFO = INCLUDE_SOURCE;
				MTL_FAST_MATH = YES;
				ONLY_ACTIVE_ARCH = YES;
				SDKROOT = iphoneos;
				SWIFT_ACTIVE_COMPILATION_CONDITIONS = DEBUG;
				SWIFT_OPTIMIZATION_LEVEL = "-Onone";
				VERSIONING_SYSTEM = "apple-generic";
				VERSION_INFO_PREFIX = "";
			};
			name = Debug;
		};
		78F83E98224A2F65000877E0 /* Release */ = {
			isa = XCBuildConfiguration;
			buildSettings = {
				ALWAYS_SEARCH_USER_PATHS = NO;
				CLANG_ANALYZER_NONNULL = YES;
				CLANG_ANALYZER_NUMBER_OBJECT_CONVERSION = YES_AGGRESSIVE;
				CLANG_CXX_LANGUAGE_STANDARD = "gnu++14";
				CLANG_CXX_LIBRARY = "libc++";
				CLANG_ENABLE_MODULES = YES;
				CLANG_ENABLE_OBJC_ARC = YES;
				CLANG_ENABLE_OBJC_WEAK = YES;
				CLANG_WARN_BLOCK_CAPTURE_AUTORELEASING = YES;
				CLANG_WARN_BOOL_CONVERSION = YES;
				CLANG_WARN_COMMA = YES;
				CLANG_WARN_CONSTANT_CONVERSION = YES;
				CLANG_WARN_DEPRECATED_OBJC_IMPLEMENTATIONS = YES;
				CLANG_WARN_DIRECT_OBJC_ISA_USAGE = YES_ERROR;
				CLANG_WARN_DOCUMENTATION_COMMENTS = YES;
				CLANG_WARN_EMPTY_BODY = YES;
				CLANG_WARN_ENUM_CONVERSION = YES;
				CLANG_WARN_INFINITE_RECURSION = YES;
				CLANG_WARN_INT_CONVERSION = YES;
				CLANG_WARN_NON_LITERAL_NULL_CONVERSION = YES;
				CLANG_WARN_OBJC_IMPLICIT_RETAIN_SELF = YES;
				CLANG_WARN_OBJC_LITERAL_CONVERSION = YES;
				CLANG_WARN_OBJC_ROOT_CLASS = YES_ERROR;
				CLANG_WARN_RANGE_LOOP_ANALYSIS = YES;
				CLANG_WARN_STRICT_PROTOTYPES = YES;
				CLANG_WARN_SUSPICIOUS_MOVE = YES;
				CLANG_WARN_UNGUARDED_AVAILABILITY = YES_AGGRESSIVE;
				CLANG_WARN_UNREACHABLE_CODE = YES;
				CLANG_WARN__DUPLICATE_METHOD_MATCH = YES;
				CODE_SIGN_IDENTITY = "iPhone Developer";
				COPY_PHASE_STRIP = NO;
				CURRENT_PROJECT_VERSION = 1;
				DEBUG_INFORMATION_FORMAT = "dwarf-with-dsym";
				ENABLE_NS_ASSERTIONS = NO;
				ENABLE_STRICT_OBJC_MSGSEND = YES;
				GCC_C_LANGUAGE_STANDARD = gnu11;
				GCC_NO_COMMON_BLOCKS = YES;
				GCC_WARN_64_TO_32_BIT_CONVERSION = YES;
				GCC_WARN_ABOUT_RETURN_TYPE = YES_ERROR;
				GCC_WARN_UNDECLARED_SELECTOR = YES;
				GCC_WARN_UNINITIALIZED_AUTOS = YES_AGGRESSIVE;
				GCC_WARN_UNUSED_FUNCTION = YES;
				GCC_WARN_UNUSED_VARIABLE = YES;
				IPHONEOS_DEPLOYMENT_TARGET = 12.0;
				MTL_ENABLE_DEBUG_INFO = NO;
				MTL_FAST_MATH = YES;
				SDKROOT = iphoneos;
				SWIFT_COMPILATION_MODE = wholemodule;
				SWIFT_OPTIMIZATION_LEVEL = "-O";
				VALIDATE_PRODUCT = YES;
				VERSIONING_SYSTEM = "apple-generic";
				VERSION_INFO_PREFIX = "";
			};
			name = Release;
		};
		78F83E9A224A2F65000877E0 /* Debug */ = {
			isa = XCBuildConfiguration;
			baseConfigurationReference = F46F01F3B98B9D4B2D6017AE /* Pods-WBCCoreSDK.debug.xcconfig */;
			buildSettings = {
				CLANG_ENABLE_MODULES = YES;
				CODE_SIGN_IDENTITY = "";
				CODE_SIGN_STYLE = Automatic;
				DEFINES_MODULE = YES;
				DEVELOPMENT_TEAM = "";
				DYLIB_COMPATIBILITY_VERSION = 1;
				DYLIB_CURRENT_VERSION = 1;
				DYLIB_INSTALL_NAME_BASE = "@rpath";
				INFOPLIST_FILE = WBCCoreSDK/Info.plist;
				INSTALL_PATH = "$(LOCAL_LIBRARY_DIR)/Frameworks";
				LD_RUNPATH_SEARCH_PATHS = (
					"$(inherited)",
					"@executable_path/Frameworks",
					"@loader_path/Frameworks",
				);
				ONLY_ACTIVE_ARCH = NO;
				PRODUCT_BUNDLE_IDENTIFIER = com.wetek.WBCCoreSDK;
				PRODUCT_NAME = "$(TARGET_NAME:c99extidentifier)";
				SKIP_INSTALL = YES;
				SWIFT_OPTIMIZATION_LEVEL = "-Onone";
				SWIFT_VERSION = 4.2;
				TARGETED_DEVICE_FAMILY = "1,2";
			};
			name = Debug;
		};
		78F83E9B224A2F65000877E0 /* Release */ = {
			isa = XCBuildConfiguration;
			baseConfigurationReference = 118FBF68DB99043A2C68655A /* Pods-WBCCoreSDK.release.xcconfig */;
			buildSettings = {
				CLANG_ENABLE_MODULES = YES;
				CODE_SIGN_IDENTITY = "";
				CODE_SIGN_STYLE = Automatic;
				DEFINES_MODULE = YES;
				DEVELOPMENT_TEAM = "";
				DYLIB_COMPATIBILITY_VERSION = 1;
				DYLIB_CURRENT_VERSION = 1;
				DYLIB_INSTALL_NAME_BASE = "@rpath";
				INFOPLIST_FILE = WBCCoreSDK/Info.plist;
				INSTALL_PATH = "$(LOCAL_LIBRARY_DIR)/Frameworks";
				LD_RUNPATH_SEARCH_PATHS = (
					"$(inherited)",
					"@executable_path/Frameworks",
					"@loader_path/Frameworks",
				);
				PRODUCT_BUNDLE_IDENTIFIER = com.wetek.WBCCoreSDK;
				PRODUCT_NAME = "$(TARGET_NAME:c99extidentifier)";
				SKIP_INSTALL = YES;
				SWIFT_VERSION = 4.2;
				TARGETED_DEVICE_FAMILY = "1,2";
			};
			name = Release;
		};
/* End XCBuildConfiguration section */

/* Begin XCConfigurationList section */
		78F83E7F224A2F64000877E0 /* Build configuration list for PBXProject "WBCCoreSDK" */ = {
			isa = XCConfigurationList;
			buildConfigurations = (
				78F83E97224A2F65000877E0 /* Debug */,
				78F83E98224A2F65000877E0 /* Release */,
			);
			defaultConfigurationIsVisible = 0;
			defaultConfigurationName = Release;
		};
		78F83E99224A2F65000877E0 /* Build configuration list for PBXNativeTarget "WBCCoreSDK" */ = {
			isa = XCConfigurationList;
			buildConfigurations = (
				78F83E9A224A2F65000877E0 /* Debug */,
				78F83E9B224A2F65000877E0 /* Release */,
			);
			defaultConfigurationIsVisible = 0;
			defaultConfigurationName = Release;
		};
/* End XCConfigurationList section */
	};
	rootObject = 78F83E7C224A2F64000877E0 /* Project object */;
}
